// !$*UTF8*$!
{
	archiveVersion = 1;
	classes = {
	};
	objectVersion = 46;
	objects = {

/* Begin PBXBuildFile section */
		27A721B515796AB100907DBC /* UIKit.framework in Frameworks */ = {isa = PBXBuildFile; fileRef = 27A721B415796AB100907DBC /* UIKit.framework */; };
		27A721B715796AB100907DBC /* Foundation.framework in Frameworks */ = {isa = PBXBuildFile; fileRef = 27A721B615796AB100907DBC /* Foundation.framework */; };
		27A721B915796AB100907DBC /* CoreGraphics.framework in Frameworks */ = {isa = PBXBuildFile; fileRef = 27A721B815796AB100907DBC /* CoreGraphics.framework */; };
		27A721BF15796AB100907DBC /* InfoPlist.strings in Resources */ = {isa = PBXBuildFile; fileRef = 27A721BD15796AB100907DBC /* InfoPlist.strings */; };
		27A721C115796AB100907DBC /* main.m in Sources */ = {isa = PBXBuildFile; fileRef = 27A721C015796AB100907DBC /* main.m */; };
		27A721C515796AB100907DBC /* BBIAppDelegate.m in Sources */ = {isa = PBXBuildFile; fileRef = 27A721C415796AB100907DBC /* BBIAppDelegate.m */; };
		27A721C815796AB100907DBC /* MainStoryboard.storyboard in Resources */ = {isa = PBXBuildFile; fileRef = 27A721C615796AB100907DBC /* MainStoryboard.storyboard */; };
		27A721CB15796AB100907DBC /* BBIMasterViewController.m in Sources */ = {isa = PBXBuildFile; fileRef = 27A721CA15796AB100907DBC /* BBIMasterViewController.m */; };
		27A721CE15796AB100907DBC /* BBIDetailViewController.m in Sources */ = {isa = PBXBuildFile; fileRef = 27A721CD15796AB100907DBC /* BBIDetailViewController.m */; };
		27A721DA15796CE300907DBC /* Security.framework in Frameworks */ = {isa = PBXBuildFile; fileRef = 27A721D915796CE300907DBC /* Security.framework */; };
		27A721DF15796D7400907DBC /* BBIAccountEditorViewController.m in Sources */ = {isa = PBXBuildFile; fileRef = 27A721DD15796D7400907DBC /* BBIAccountEditorViewController.m */; };
		27A721E015796D7400907DBC /* BBIBissoAuthenticator.m in Sources */ = {isa = PBXBuildFile; fileRef = 27A721DE15796D7400907DBC /* BBIBissoAuthenticator.m */; };
		27A721EE1579702E00907DBC /* BBIBissoParser.m in Sources */ = {isa = PBXBuildFile; fileRef = 27A721ED1579702E00907DBC /* BBIBissoParser.m */; };
/* End PBXBuildFile section */

/* Begin PBXFileReference section */
		27A721B015796AB100907DBC /* BissoServerTest.app */ = {isa = PBXFileReference; explicitFileType = wrapper.application; includeInIndex = 0; path = BissoServerTest.app; sourceTree = BUILT_PRODUCTS_DIR; };
		27A721B415796AB100907DBC /* UIKit.framework */ = {isa = PBXFileReference; lastKnownFileType = wrapper.framework; name = UIKit.framework; path = System/Library/Frameworks/UIKit.framework; sourceTree = SDKROOT; };
		27A721B615796AB100907DBC /* Foundation.framework */ = {isa = PBXFileReference; lastKnownFileType = wrapper.framework; name = Foundation.framework; path = System/Library/Frameworks/Foundation.framework; sourceTree = SDKROOT; };
		27A721B815796AB100907DBC /* CoreGraphics.framework */ = {isa = PBXFileReference; lastKnownFileType = wrapper.framework; name = CoreGraphics.framework; path = System/Library/Frameworks/CoreGraphics.framework; sourceTree = SDKROOT; };
		27A721BC15796AB100907DBC /* BissoServerTest-Info.plist */ = {isa = PBXFileReference; lastKnownFileType = text.plist.xml; path = "BissoServerTest-Info.plist"; sourceTree = "<group>"; };
		27A721BE15796AB100907DBC /* en */ = {isa = PBXFileReference; lastKnownFileType = text.plist.strings; name = en; path = en.lproj/InfoPlist.strings; sourceTree = "<group>"; };
		27A721C015796AB100907DBC /* main.m */ = {isa = PBXFileReference; lastKnownFileType = sourcecode.c.objc; path = main.m; sourceTree = "<group>"; };
		27A721C215796AB100907DBC /* BissoServerTest-Prefix.pch */ = {isa = PBXFileReference; lastKnownFileType = sourcecode.c.h; path = "BissoServerTest-Prefix.pch"; sourceTree = "<group>"; };
		27A721C315796AB100907DBC /* BBIAppDelegate.h */ = {isa = PBXFileReference; lastKnownFileType = sourcecode.c.h; path = BBIAppDelegate.h; sourceTree = "<group>"; };
		27A721C415796AB100907DBC /* BBIAppDelegate.m */ = {isa = PBXFileReference; lastKnownFileType = sourcecode.c.objc; path = BBIAppDelegate.m; sourceTree = "<group>"; };
		27A721C715796AB100907DBC /* en */ = {isa = PBXFileReference; lastKnownFileType = file.storyboard; name = en; path = en.lproj/MainStoryboard.storyboard; sourceTree = "<group>"; };
		27A721C915796AB100907DBC /* BBIMasterViewController.h */ = {isa = PBXFileReference; lastKnownFileType = sourcecode.c.h; path = BBIMasterViewController.h; sourceTree = "<group>"; };
		27A721CA15796AB100907DBC /* BBIMasterViewController.m */ = {isa = PBXFileReference; lastKnownFileType = sourcecode.c.objc; path = BBIMasterViewController.m; sourceTree = "<group>"; };
		27A721CC15796AB100907DBC /* BBIDetailViewController.h */ = {isa = PBXFileReference; lastKnownFileType = sourcecode.c.h; path = BBIDetailViewController.h; sourceTree = "<group>"; };
		27A721CD15796AB100907DBC /* BBIDetailViewController.m */ = {isa = PBXFileReference; lastKnownFileType = sourcecode.c.objc; path = BBIDetailViewController.m; sourceTree = "<group>"; };
		27A721D415796AE700907DBC /* BBIAccountEditorViewController.h */ = {isa = PBXFileReference; fileEncoding = 4; lastKnownFileType = sourcecode.c.h; path = BBIAccountEditorViewController.h; sourceTree = "<group>"; };
		27A721D915796CE300907DBC /* Security.framework */ = {isa = PBXFileReference; lastKnownFileType = wrapper.framework; name = Security.framework; path = System/Library/Frameworks/Security.framework; sourceTree = SDKROOT; };
		27A721DB15796D7400907DBC /* BBIBissoAuthenticator.h */ = {isa = PBXFileReference; fileEncoding = 4; lastKnownFileType = sourcecode.c.h; path = BBIBissoAuthenticator.h; sourceTree = "<group>"; };
		27A721DC15796D7400907DBC /* BBIBissoParser.h */ = {isa = PBXFileReference; fileEncoding = 4; lastKnownFileType = sourcecode.c.h; path = BBIBissoParser.h; sourceTree = "<group>"; };
		27A721DD15796D7400907DBC /* BBIAccountEditorViewController.m */ = {isa = PBXFileReference; fileEncoding = 4; lastKnownFileType = sourcecode.c.objc; path = BBIAccountEditorViewController.m; sourceTree = "<group>"; };
		27A721DE15796D7400907DBC /* BBIBissoAuthenticator.m */ = {isa = PBXFileReference; fileEncoding = 4; lastKnownFileType = sourcecode.c.objc; path = BBIBissoAuthenticator.m; sourceTree = "<group>"; };
		27A721ED1579702E00907DBC /* BBIBissoParser.m */ = {isa = PBXFileReference; fileEncoding = 4; lastKnownFileType = sourcecode.c.objc; path = BBIBissoParser.m; sourceTree = "<group>"; };
/* End PBXFileReference section */

/* Begin PBXFrameworksBuildPhase section */
		27A721AD15796AB100907DBC /* Frameworks */ = {
			isa = PBXFrameworksBuildPhase;
			buildActionMask = 2147483647;
			files = (
				27A721DA15796CE300907DBC /* Security.framework in Frameworks */,
				27A721B515796AB100907DBC /* UIKit.framework in Frameworks */,
				27A721B715796AB100907DBC /* Foundation.framework in Frameworks */,
				27A721B915796AB100907DBC /* CoreGraphics.framework in Frameworks */,
			);
			runOnlyForDeploymentPostprocessing = 0;
		};
/* End PBXFrameworksBuildPhase section */

/* Begin PBXGroup section */
		27A721A515796AB000907DBC = {
			isa = PBXGroup;
			children = (
				27A721BA15796AB100907DBC /* BissoServerTest */,
				27A721B315796AB100907DBC /* Frameworks */,
				27A721B115796AB100907DBC /* Products */,
			);
			sourceTree = "<group>";
		};
		27A721B115796AB100907DBC /* Products */ = {
			isa = PBXGroup;
			children = (
				27A721B015796AB100907DBC /* BissoServerTest.app */,
			);
			name = Products;
			sourceTree = "<group>";
		};
		27A721B315796AB100907DBC /* Frameworks */ = {
			isa = PBXGroup;
			children = (
				27A721D915796CE300907DBC /* Security.framework */,
				27A721B415796AB100907DBC /* UIKit.framework */,
				27A721B615796AB100907DBC /* Foundation.framework */,
				27A721B815796AB100907DBC /* CoreGraphics.framework */,
			);
			name = Frameworks;
			sourceTree = "<group>";
		};
		27A721BA15796AB100907DBC /* BissoServerTest */ = {
			isa = PBXGroup;
			children = (
				27A721ED1579702E00907DBC /* BBIBissoParser.m */,
				27A721D415796AE700907DBC /* BBIAccountEditorViewController.h */,
				27A721DD15796D7400907DBC /* BBIAccountEditorViewController.m */,
				27A721C315796AB100907DBC /* BBIAppDelegate.h */,
				27A721C415796AB100907DBC /* BBIAppDelegate.m */,
				27A721DB15796D7400907DBC /* BBIBissoAuthenticator.h */,
				27A721DE15796D7400907DBC /* BBIBissoAuthenticator.m */,
				27A721DC15796D7400907DBC /* BBIBissoParser.h */,
				27A721CC15796AB100907DBC /* BBIDetailViewController.h */,
				27A721CD15796AB100907DBC /* BBIDetailViewController.m */,
				27A721C915796AB100907DBC /* BBIMasterViewController.h */,
				27A721CA15796AB100907DBC /* BBIMasterViewController.m */,
				27A721C615796AB100907DBC /* MainStoryboard.storyboard */,
				27A721BB15796AB100907DBC /* Supporting Files */,
			);
			path = BissoServerTest;
			sourceTree = "<group>";
		};
		27A721BB15796AB100907DBC /* Supporting Files */ = {
			isa = PBXGroup;
			children = (
				27A721BC15796AB100907DBC /* BissoServerTest-Info.plist */,
				27A721BD15796AB100907DBC /* InfoPlist.strings */,
				27A721C015796AB100907DBC /* main.m */,
				27A721C215796AB100907DBC /* BissoServerTest-Prefix.pch */,
			);
			name = "Supporting Files";
			sourceTree = "<group>";
		};
/* End PBXGroup section */

/* Begin PBXNativeTarget section */
		27A721AF15796AB100907DBC /* BissoServerTest */ = {
			isa = PBXNativeTarget;
			buildConfigurationList = 27A721D115796AB100907DBC /* Build configuration list for PBXNativeTarget "BissoServerTest" */;
			buildPhases = (
				27A721AC15796AB100907DBC /* Sources */,
				27A721AD15796AB100907DBC /* Frameworks */,
				27A721AE15796AB100907DBC /* Resources */,
			);
			buildRules = (
			);
			dependencies = (
			);
			name = BissoServerTest;
			productName = BissoServerTest;
			productReference = 27A721B015796AB100907DBC /* BissoServerTest.app */;
			productType = "com.apple.product-type.application";
		};
/* End PBXNativeTarget section */

/* Begin PBXProject section */
		27A721A715796AB000907DBC /* Project object */ = {
			isa = PBXProject;
			attributes = {
				CLASSPREFIX = BBI;
				LastUpgradeCheck = 0430;
			};
			buildConfigurationList = 27A721AA15796AB000907DBC /* Build configuration list for PBXProject "BissoServerTest" */;
			compatibilityVersion = "Xcode 3.2";
			developmentRegion = English;
			hasScannedForEncodings = 0;
			knownRegions = (
				en,
			);
			mainGroup = 27A721A515796AB000907DBC;
			productRefGroup = 27A721B115796AB100907DBC /* Products */;
			projectDirPath = "";
			projectRoot = "";
			targets = (
				27A721AF15796AB100907DBC /* BissoServerTest */,
			);
		};
/* End PBXProject section */

/* Begin PBXResourcesBuildPhase section */
		27A721AE15796AB100907DBC /* Resources */ = {
			isa = PBXResourcesBuildPhase;
			buildActionMask = 2147483647;
			files = (
				27A721BF15796AB100907DBC /* InfoPlist.strings in Resources */,
				27A721C815796AB100907DBC /* MainStoryboard.storyboard in Resources */,
			);
			runOnlyForDeploymentPostprocessing = 0;
		};
/* End PBXResourcesBuildPhase section */

/* Begin PBXSourcesBuildPhase section */
		27A721AC15796AB100907DBC /* Sources */ = {
			isa = PBXSourcesBuildPhase;
			buildActionMask = 2147483647;
			files = (
				27A721C115796AB100907DBC /* main.m in Sources */,
				27A721C515796AB100907DBC /* BBIAppDelegate.m in Sources */,
				27A721CB15796AB100907DBC /* BBIMasterViewController.m in Sources */,
				27A721CE15796AB100907DBC /* BBIDetailViewController.m in Sources */,
				27A721DF15796D7400907DBC /* BBIAccountEditorViewController.m in Sources */,
				27A721E015796D7400907DBC /* BBIBissoAuthenticator.m in Sources */,
				27A721EE1579702E00907DBC /* BBIBissoParser.m in Sources */,
			);
			runOnlyForDeploymentPostprocessing = 0;
		};
/* End PBXSourcesBuildPhase section */

/* Begin PBXVariantGroup section */
		27A721BD15796AB100907DBC /* InfoPlist.strings */ = {
			isa = PBXVariantGroup;
			children = (
				27A721BE15796AB100907DBC /* en */,
			);
			name = InfoPlist.strings;
			sourceTree = "<group>";
		};
		27A721C615796AB100907DBC /* MainStoryboard.storyboard */ = {
			isa = PBXVariantGroup;
			children = (
				27A721C715796AB100907DBC /* en */,
			);
			name = MainStoryboard.storyboard;
			sourceTree = "<group>";
		};
/* End PBXVariantGroup section */

/* Begin XCBuildConfiguration section */
		27A721CF15796AB100907DBC /* Debug */ = {
			isa = XCBuildConfiguration;
			buildSettings = {
				ALWAYS_SEARCH_USER_PATHS = NO;
				ARCHS = "$(ARCHS_STANDARD_32_BIT)";
				CLANG_ENABLE_OBJC_ARC = YES;
				"CODE_SIGN_IDENTITY[sdk=iphoneos*]" = "iPhone Developer";
				COPY_PHASE_STRIP = NO;
				GCC_C_LANGUAGE_STANDARD = gnu99;
				GCC_DYNAMIC_NO_PIC = NO;
				GCC_OPTIMIZATION_LEVEL = 0;
				GCC_PREPROCESSOR_DEFINITIONS = (
					"DEBUG=1",
					"$(inherited)",
				);
				GCC_SYMBOLS_PRIVATE_EXTERN = NO;
				GCC_VERSION = com.apple.compilers.llvm.clang.1_0;
				GCC_WARN_ABOUT_RETURN_TYPE = YES;
				GCC_WARN_UNINITIALIZED_AUTOS = YES;
				GCC_WARN_UNUSED_VARIABLE = YES;
				IPHONEOS_DEPLOYMENT_TARGET = 5.1;
				SDKROOT = iphoneos;
				TARGETED_DEVICE_FAMILY = 2;
			};
			name = Debug;
		};
		27A721D015796AB100907DBC /* Release */ = {
			isa = XCBuildConfiguration;
			buildSettings = {
				ALWAYS_SEARCH_USER_PATHS = NO;
				ARCHS = "$(ARCHS_STANDARD_32_BIT)";
				CLANG_ENABLE_OBJC_ARC = YES;
				"CODE_SIGN_IDENTITY[sdk=iphoneos*]" = "iPhone Developer";
				COPY_PHASE_STRIP = YES;
				GCC_C_LANGUAGE_STANDARD = gnu99;
				GCC_VERSION = com.apple.compilers.llvm.clang.1_0;
				GCC_WARN_ABOUT_RETURN_TYPE = YES;
				GCC_WARN_UNINITIALIZED_AUTOS = YES;
				GCC_WARN_UNUSED_VARIABLE = YES;
				IPHONEOS_DEPLOYMENT_TARGET = 5.1;
				OTHER_CFLAGS = "-DNS_BLOCK_ASSERTIONS=1";
				SDKROOT = iphoneos;
				TARGETED_DEVICE_FAMILY = 2;
				VALIDATE_PRODUCT = YES;
			};
			name = Release;
		};
		27A721D215796AB100907DBC /* Debug */ = {
			isa = XCBuildConfiguration;
			buildSettings = {
				GCC_PRECOMPILE_PREFIX_HEADER = YES;
				GCC_PREFIX_HEADER = "BissoServerTest/BissoServerTest-Prefix.pch";
				INFOPLIST_FILE = "BissoServerTest/BissoServerTest-Info.plist";
				PRODUCT_NAME = "$(TARGET_NAME)";
				WRAPPER_EXTENSION = app;
			};
			name = Debug;
		};
		27A721D315796AB100907DBC /* Release */ = {
			isa = XCBuildConfiguration;
			buildSettings = {
				GCC_PRECOMPILE_PREFIX_HEADER = YES;
				GCC_PREFIX_HEADER = "BissoServerTest/BissoServerTest-Prefix.pch";
				INFOPLIST_FILE = "BissoServerTest/BissoServerTest-Info.plist";
				PRODUCT_NAME = "$(TARGET_NAME)";
				WRAPPER_EXTENSION = app;
			};
			name = Release;
		};
/* End XCBuildConfiguration section */

/* Begin XCConfigurationList section */
		27A721AA15796AB000907DBC /* Build configuration list for PBXProject "BissoServerTest" */ = {
			isa = XCConfigurationList;
			buildConfigurations = (
				27A721CF15796AB100907DBC /* Debug */,
				27A721D015796AB100907DBC /* Release */,
			);
			defaultConfigurationIsVisible = 0;
			defaultConfigurationName = Release;
		};
		27A721D115796AB100907DBC /* Build configuration list for PBXNativeTarget "BissoServerTest" */ = {
			isa = XCConfigurationList;
			buildConfigurations = (
				27A721D215796AB100907DBC /* Debug */,
				27A721D315796AB100907DBC /* Release */,
			);
			defaultConfigurationIsVisible = 0;
			defaultConfigurationName = Release;
		};
/* End XCConfigurationList section */
	};
	rootObject = 27A721A715796AB000907DBC /* Project object */;
}
