// !$*UTF8*$!
{
	archiveVersion = 1;
	classes = {
	};
	objectVersion = 46;
	objects = {

/* Begin PBXBuildFile section */
		27A44BD115822D5A0045B3BF /* CoreData.framework in Frameworks */ = {isa = PBXBuildFile; fileRef = 27A44BD015822D5A0045B3BF /* CoreData.framework */; };
		27A44C1615825AB00045B3BF /* PortletEngine.xcdatamodeld in Sources */ = {isa = PBXBuildFile; fileRef = 27A44C1415825AB00045B3BF /* PortletEngine.xcdatamodeld */; };
		27A44C2E158263C70045B3BF /* BBIBWQueryResultParserDelegate.m in Sources */ = {isa = PBXBuildFile; fileRef = 27A44C2D158263C70045B3BF /* BBIBWQueryResultParserDelegate.m */; };
		27A44C341582A2EB0045B3BF /* BBIBWQueryResultFilterParserDelegate.m in Sources */ = {isa = PBXBuildFile; fileRef = 27A44C331582A2EB0045B3BF /* BBIBWQueryResultFilterParserDelegate.m */; };
		27A44C89158377D50045B3BF /* Value.m in Sources */ = {isa = PBXBuildFile; fileRef = 27A44C88158377D50045B3BF /* Value.m */; };
		27A44C8C158377D50045B3BF /* Item.m in Sources */ = {isa = PBXBuildFile; fileRef = 27A44C8B158377D50045B3BF /* Item.m */; };
		27A44C8F158377D60045B3BF /* Unit.m in Sources */ = {isa = PBXBuildFile; fileRef = 27A44C8E158377D60045B3BF /* Unit.m */; };
		27A44C92158377D60045B3BF /* Filter.m in Sources */ = {isa = PBXBuildFile; fileRef = 27A44C91158377D60045B3BF /* Filter.m */; };
		27A44C95158377D60045B3BF /* Variable.m in Sources */ = {isa = PBXBuildFile; fileRef = 27A44C94158377D60045B3BF /* Variable.m */; };
		27A44C98158377D60045B3BF /* Qresult.m in Sources */ = {isa = PBXBuildFile; fileRef = 27A44C97158377D60045B3BF /* Qresult.m */; };
		27A721B515796AB100907DBC /* UIKit.framework in Frameworks */ = {isa = PBXBuildFile; fileRef = 27A721B415796AB100907DBC /* UIKit.framework */; };
		27A721B715796AB100907DBC /* Foundation.framework in Frameworks */ = {isa = PBXBuildFile; fileRef = 27A721B615796AB100907DBC /* Foundation.framework */; };
		27A721B915796AB100907DBC /* CoreGraphics.framework in Frameworks */ = {isa = PBXBuildFile; fileRef = 27A721B815796AB100907DBC /* CoreGraphics.framework */; };
		27A721BF15796AB100907DBC /* InfoPlist.strings in Resources */ = {isa = PBXBuildFile; fileRef = 27A721BD15796AB100907DBC /* InfoPlist.strings */; };
		27A721C115796AB100907DBC /* main.m in Sources */ = {isa = PBXBuildFile; fileRef = 27A721C015796AB100907DBC /* main.m */; };
		27A721C515796AB100907DBC /* BBIAppDelegate.m in Sources */ = {isa = PBXBuildFile; fileRef = 27A721C415796AB100907DBC /* BBIAppDelegate.m */; };
		27A721C815796AB100907DBC /* MainStoryboard.storyboard in Resources */ = {isa = PBXBuildFile; fileRef = 27A721C615796AB100907DBC /* MainStoryboard.storyboard */; };
		27A721CB15796AB100907DBC /* BBIMasterViewController.m in Sources */ = {isa = PBXBuildFile; fileRef = 27A721CA15796AB100907DBC /* BBIMasterViewController.m */; };
		27A721CE15796AB100907DBC /* BBIDetailViewController.m in Sources */ = {isa = PBXBuildFile; fileRef = 27A721CD15796AB100907DBC /* BBIDetailViewController.m */; };
		27A721DA15796CE300907DBC /* Security.framework in Frameworks */ = {isa = PBXBuildFile; fileRef = 27A721D915796CE300907DBC /* Security.framework */; };
		27A721DF15796D7400907DBC /* BBIAccountEditorViewController.m in Sources */ = {isa = PBXBuildFile; fileRef = 27A721DD15796D7400907DBC /* BBIAccountEditorViewController.m */; };
		27A721E015796D7400907DBC /* BBIBissoAuthenticator.m in Sources */ = {isa = PBXBuildFile; fileRef = 27A721DE15796D7400907DBC /* BBIBissoAuthenticator.m */; };
		27AC04E01580AA42007CBE51 /* Settings.bundle in Resources */ = {isa = PBXBuildFile; fileRef = 27AC04DF1580AA42007CBE51 /* Settings.bundle */; };
		27AC92D7157FF03600F29E61 /* BBIDataManager.m in Sources */ = {isa = PBXBuildFile; fileRef = 27AC92D6157FF03600F29E61 /* BBIDataManager.m */; };
		27AC92DB157FF7AA00F29E61 /* BBIDemoPortlet.m in Sources */ = {isa = PBXBuildFile; fileRef = 27AC92DA157FF7AA00F29E61 /* BBIDemoPortlet.m */; };
/* End PBXBuildFile section */

/* Begin PBXFileReference section */
		272839C2157E98780077A7E1 /* BBIAuthenticatorDelegate.h */ = {isa = PBXFileReference; lastKnownFileType = sourcecode.c.h; path = BBIAuthenticatorDelegate.h; sourceTree = "<group>"; };
		27A44BD015822D5A0045B3BF /* CoreData.framework */ = {isa = PBXFileReference; lastKnownFileType = wrapper.framework; name = CoreData.framework; path = System/Library/Frameworks/CoreData.framework; sourceTree = SDKROOT; };
		27A44C1515825AB00045B3BF /* PortletEngine old.xcdatamodel */ = {isa = PBXFileReference; lastKnownFileType = wrapper.xcdatamodel; path = "PortletEngine old.xcdatamodel"; sourceTree = "<group>"; };
		27A44C2C158263C70045B3BF /* BBIBWQueryResultParserDelegate.h */ = {isa = PBXFileReference; fileEncoding = 4; lastKnownFileType = sourcecode.c.h; name = BBIBWQueryResultParserDelegate.h; path = DataManager/BBIBWQueryResultParserDelegate.h; sourceTree = "<group>"; };
		27A44C2D158263C70045B3BF /* BBIBWQueryResultParserDelegate.m */ = {isa = PBXFileReference; fileEncoding = 4; lastKnownFileType = sourcecode.c.objc; name = BBIBWQueryResultParserDelegate.m; path = DataManager/BBIBWQueryResultParserDelegate.m; sourceTree = "<group>"; };
		27A44C321582A2EB0045B3BF /* BBIBWQueryResultFilterParserDelegate.h */ = {isa = PBXFileReference; fileEncoding = 4; lastKnownFileType = sourcecode.c.h; name = BBIBWQueryResultFilterParserDelegate.h; path = DataManager/BBIBWQueryResultFilterParserDelegate.h; sourceTree = "<group>"; };
		27A44C331582A2EB0045B3BF /* BBIBWQueryResultFilterParserDelegate.m */ = {isa = PBXFileReference; fileEncoding = 4; lastKnownFileType = sourcecode.c.objc; name = BBIBWQueryResultFilterParserDelegate.m; path = DataManager/BBIBWQueryResultFilterParserDelegate.m; sourceTree = "<group>"; };
		27A44C5015836C640045B3BF /* PortletEngine.xcdatamodel */ = {isa = PBXFileReference; lastKnownFileType = wrapper.xcdatamodel; path = PortletEngine.xcdatamodel; sourceTree = "<group>"; };
		27A44C87158377D50045B3BF /* Value.h */ = {isa = PBXFileReference; fileEncoding = 4; lastKnownFileType = sourcecode.c.h; name = Value.h; path = "DataManager/Data Model/Value.h"; sourceTree = "<group>"; };
		27A44C88158377D50045B3BF /* Value.m */ = {isa = PBXFileReference; fileEncoding = 4; lastKnownFileType = sourcecode.c.objc; name = Value.m; path = "DataManager/Data Model/Value.m"; sourceTree = "<group>"; };
		27A44C8A158377D50045B3BF /* Item.h */ = {isa = PBXFileReference; fileEncoding = 4; lastKnownFileType = sourcecode.c.h; name = Item.h; path = "DataManager/Data Model/Item.h"; sourceTree = "<group>"; };
		27A44C8B158377D50045B3BF /* Item.m */ = {isa = PBXFileReference; fileEncoding = 4; lastKnownFileType = sourcecode.c.objc; name = Item.m; path = "DataManager/Data Model/Item.m"; sourceTree = "<group>"; };
		27A44C8D158377D60045B3BF /* Unit.h */ = {isa = PBXFileReference; fileEncoding = 4; lastKnownFileType = sourcecode.c.h; name = Unit.h; path = "DataManager/Data Model/Unit.h"; sourceTree = "<group>"; };
		27A44C8E158377D60045B3BF /* Unit.m */ = {isa = PBXFileReference; fileEncoding = 4; lastKnownFileType = sourcecode.c.objc; name = Unit.m; path = "DataManager/Data Model/Unit.m"; sourceTree = "<group>"; };
		27A44C90158377D60045B3BF /* Filter.h */ = {isa = PBXFileReference; fileEncoding = 4; lastKnownFileType = sourcecode.c.h; name = Filter.h; path = "DataManager/Data Model/Filter.h"; sourceTree = "<group>"; };
		27A44C91158377D60045B3BF /* Filter.m */ = {isa = PBXFileReference; fileEncoding = 4; lastKnownFileType = sourcecode.c.objc; name = Filter.m; path = "DataManager/Data Model/Filter.m"; sourceTree = "<group>"; };
		27A44C93158377D60045B3BF /* Variable.h */ = {isa = PBXFileReference; fileEncoding = 4; lastKnownFileType = sourcecode.c.h; name = Variable.h; path = "DataManager/Data Model/Variable.h"; sourceTree = "<group>"; };
		27A44C94158377D60045B3BF /* Variable.m */ = {isa = PBXFileReference; fileEncoding = 4; lastKnownFileType = sourcecode.c.objc; name = Variable.m; path = "DataManager/Data Model/Variable.m"; sourceTree = "<group>"; };
		27A44C96158377D60045B3BF /* Qresult.h */ = {isa = PBXFileReference; fileEncoding = 4; lastKnownFileType = sourcecode.c.h; name = Qresult.h; path = "DataManager/Data Model/Qresult.h"; sourceTree = "<group>"; };
		27A44C97158377D60045B3BF /* Qresult.m */ = {isa = PBXFileReference; fileEncoding = 4; lastKnownFileType = sourcecode.c.objc; name = Qresult.m; path = "DataManager/Data Model/Qresult.m"; sourceTree = "<group>"; };
		27A721B015796AB100907DBC /* BissoServerTest.app */ = {isa = PBXFileReference; explicitFileType = wrapper.application; includeInIndex = 0; path = BissoServerTest.app; sourceTree = BUILT_PRODUCTS_DIR; };
		27A721B415796AB100907DBC /* UIKit.framework */ = {isa = PBXFileReference; lastKnownFileType = wrapper.framework; name = UIKit.framework; path = System/Library/Frameworks/UIKit.framework; sourceTree = SDKROOT; };
		27A721B615796AB100907DBC /* Foundation.framework */ = {isa = PBXFileReference; lastKnownFileType = wrapper.framework; name = Foundation.framework; path = System/Library/Frameworks/Foundation.framework; sourceTree = SDKROOT; };
		27A721B815796AB100907DBC /* CoreGraphics.framework */ = {isa = PBXFileReference; lastKnownFileType = wrapper.framework; name = CoreGraphics.framework; path = System/Library/Frameworks/CoreGraphics.framework; sourceTree = SDKROOT; };
		27A721BC15796AB100907DBC /* BissoServerTest-Info.plist */ = {isa = PBXFileReference; lastKnownFileType = text.plist.xml; path = "BissoServerTest-Info.plist"; sourceTree = "<group>"; };
		27A721BE15796AB100907DBC /* en */ = {isa = PBXFileReference; lastKnownFileType = text.plist.strings; name = en; path = en.lproj/InfoPlist.strings; sourceTree = "<group>"; };
		27A721C015796AB100907DBC /* main.m */ = {isa = PBXFileReference; lastKnownFileType = sourcecode.c.objc; path = main.m; sourceTree = "<group>"; };
		27A721C215796AB100907DBC /* BissoServerTest-Prefix.pch */ = {isa = PBXFileReference; lastKnownFileType = sourcecode.c.h; path = "BissoServerTest-Prefix.pch"; sourceTree = "<group>"; };
		27A721C315796AB100907DBC /* BBIAppDelegate.h */ = {isa = PBXFileReference; lastKnownFileType = sourcecode.c.h; path = BBIAppDelegate.h; sourceTree = "<group>"; };
		27A721C415796AB100907DBC /* BBIAppDelegate.m */ = {isa = PBXFileReference; lastKnownFileType = sourcecode.c.objc; path = BBIAppDelegate.m; sourceTree = "<group>"; };
		27A721C715796AB100907DBC /* en */ = {isa = PBXFileReference; lastKnownFileType = file.storyboard; name = en; path = en.lproj/MainStoryboard.storyboard; sourceTree = "<group>"; };
		27A721C915796AB100907DBC /* BBIMasterViewController.h */ = {isa = PBXFileReference; lastKnownFileType = sourcecode.c.h; path = BBIMasterViewController.h; sourceTree = "<group>"; };
		27A721CA15796AB100907DBC /* BBIMasterViewController.m */ = {isa = PBXFileReference; lastKnownFileType = sourcecode.c.objc; path = BBIMasterViewController.m; sourceTree = "<group>"; };
		27A721CC15796AB100907DBC /* BBIDetailViewController.h */ = {isa = PBXFileReference; lastKnownFileType = sourcecode.c.h; path = BBIDetailViewController.h; sourceTree = "<group>"; };
		27A721CD15796AB100907DBC /* BBIDetailViewController.m */ = {isa = PBXFileReference; lastKnownFileType = sourcecode.c.objc; path = BBIDetailViewController.m; sourceTree = "<group>"; };
		27A721D415796AE700907DBC /* BBIAccountEditorViewController.h */ = {isa = PBXFileReference; fileEncoding = 4; lastKnownFileType = sourcecode.c.h; path = BBIAccountEditorViewController.h; sourceTree = "<group>"; };
		27A721D915796CE300907DBC /* Security.framework */ = {isa = PBXFileReference; lastKnownFileType = wrapper.framework; name = Security.framework; path = System/Library/Frameworks/Security.framework; sourceTree = SDKROOT; };
		27A721DB15796D7400907DBC /* BBIBissoAuthenticator.h */ = {isa = PBXFileReference; fileEncoding = 4; lastKnownFileType = sourcecode.c.h; path = BBIBissoAuthenticator.h; sourceTree = "<group>"; };
		27A721DD15796D7400907DBC /* BBIAccountEditorViewController.m */ = {isa = PBXFileReference; fileEncoding = 4; lastKnownFileType = sourcecode.c.objc; path = BBIAccountEditorViewController.m; sourceTree = "<group>"; };
		27A721DE15796D7400907DBC /* BBIBissoAuthenticator.m */ = {isa = PBXFileReference; fileEncoding = 4; lastKnownFileType = sourcecode.c.objc; path = BBIBissoAuthenticator.m; sourceTree = "<group>"; };
		27AC04DF1580AA42007CBE51 /* Settings.bundle */ = {isa = PBXFileReference; lastKnownFileType = "wrapper.plug-in"; name = Settings.bundle; path = BissoServerTest/Settings.bundle; sourceTree = "<group>"; };
		27AC92D5157FF03600F29E61 /* BBIDataManager.h */ = {isa = PBXFileReference; fileEncoding = 4; lastKnownFileType = sourcecode.c.h; path = BBIDataManager.h; sourceTree = "<group>"; };
		27AC92D6157FF03600F29E61 /* BBIDataManager.m */ = {isa = PBXFileReference; fileEncoding = 4; lastKnownFileType = sourcecode.c.objc; path = BBIDataManager.m; sourceTree = "<group>"; };
		27AC92D9157FF7AA00F29E61 /* BBIDemoPortlet.h */ = {isa = PBXFileReference; fileEncoding = 4; lastKnownFileType = sourcecode.c.h; path = BBIDemoPortlet.h; sourceTree = "<group>"; };
		27AC92DA157FF7AA00F29E61 /* BBIDemoPortlet.m */ = {isa = PBXFileReference; fileEncoding = 4; lastKnownFileType = sourcecode.c.objc; path = BBIDemoPortlet.m; sourceTree = "<group>"; };
		27B0C4CF157FB5FD0044AE9C /* BBIDataManagerProtocol.h */ = {isa = PBXFileReference; lastKnownFileType = sourcecode.c.h; name = BBIDataManagerProtocol.h; path = /Users/lothar/Documents/work/iDeviceProjects/learn/BissoServerTest/BissoServerTest/BBIDataManagerProtocol.h; sourceTree = "<absolute>"; };
		27B0C4D0157FBCD00044AE9C /* BBIDataServiceDelegate.h */ = {isa = PBXFileReference; lastKnownFileType = sourcecode.c.h; path = BBIDataServiceDelegate.h; sourceTree = "<group>"; };
		27B0C4D4157FEB100044AE9C /* BBIBWRunQueryDelegate.h */ = {isa = PBXFileReference; lastKnownFileType = sourcecode.c.h; path = BBIBWRunQueryDelegate.h; sourceTree = "<group>"; };
/* End PBXFileReference section */

/* Begin PBXFrameworksBuildPhase section */
		27A721AD15796AB100907DBC /* Frameworks */ = {
			isa = PBXFrameworksBuildPhase;
			buildActionMask = 2147483647;
			files = (
				27A44BD115822D5A0045B3BF /* CoreData.framework in Frameworks */,
				27A721DA15796CE300907DBC /* Security.framework in Frameworks */,
				27A721B515796AB100907DBC /* UIKit.framework in Frameworks */,
				27A721B715796AB100907DBC /* Foundation.framework in Frameworks */,
				27A721B915796AB100907DBC /* CoreGraphics.framework in Frameworks */,
			);
			runOnlyForDeploymentPostprocessing = 0;
		};
/* End PBXFrameworksBuildPhase section */

/* Begin PBXGroup section */
		27A44C10158259490045B3BF /* Data Model */ = {
			isa = PBXGroup;
			children = (
				27A44C1415825AB00045B3BF /* PortletEngine.xcdatamodeld */,
				27A44C96158377D60045B3BF /* Qresult.h */,
				27A44C97158377D60045B3BF /* Qresult.m */,
				27A44C93158377D60045B3BF /* Variable.h */,
				27A44C94158377D60045B3BF /* Variable.m */,
				27A44C90158377D60045B3BF /* Filter.h */,
				27A44C91158377D60045B3BF /* Filter.m */,
				27A44C8D158377D60045B3BF /* Unit.h */,
				27A44C8E158377D60045B3BF /* Unit.m */,
				27A44C8A158377D50045B3BF /* Item.h */,
				27A44C8B158377D50045B3BF /* Item.m */,
				27A44C87158377D50045B3BF /* Value.h */,
				27A44C88158377D50045B3BF /* Value.m */,
			);
			name = "Data Model";
			sourceTree = "<group>";
		};
		27A721A515796AB000907DBC = {
			isa = PBXGroup;
			children = (
				27AC04DF1580AA42007CBE51 /* Settings.bundle */,
				27B0C4CE157FB5BE0044AE9C /* Data Manager */,
				27A721BA15796AB100907DBC /* BissoServerTest */,
				27A721B315796AB100907DBC /* Frameworks */,
				27A721B115796AB100907DBC /* Products */,
			);
			sourceTree = "<group>";
		};
		27A721B115796AB100907DBC /* Products */ = {
			isa = PBXGroup;
			children = (
				27A721B015796AB100907DBC /* BissoServerTest.app */,
			);
			name = Products;
			sourceTree = "<group>";
		};
		27A721B315796AB100907DBC /* Frameworks */ = {
			isa = PBXGroup;
			children = (
				27A44BD015822D5A0045B3BF /* CoreData.framework */,
				27A721D915796CE300907DBC /* Security.framework */,
				27A721B415796AB100907DBC /* UIKit.framework */,
				27A721B615796AB100907DBC /* Foundation.framework */,
				27A721B815796AB100907DBC /* CoreGraphics.framework */,
			);
			name = Frameworks;
			sourceTree = "<group>";
		};
		27A721BA15796AB100907DBC /* BissoServerTest */ = {
			isa = PBXGroup;
			children = (
				27AC92D9157FF7AA00F29E61 /* BBIDemoPortlet.h */,
				27AC92DA157FF7AA00F29E61 /* BBIDemoPortlet.m */,
				27A721D415796AE700907DBC /* BBIAccountEditorViewController.h */,
				27A721DD15796D7400907DBC /* BBIAccountEditorViewController.m */,
				27A721C315796AB100907DBC /* BBIAppDelegate.h */,
				27A721C415796AB100907DBC /* BBIAppDelegate.m */,
				27A721DB15796D7400907DBC /* BBIBissoAuthenticator.h */,
				272839C2157E98780077A7E1 /* BBIAuthenticatorDelegate.h */,
				27A721DE15796D7400907DBC /* BBIBissoAuthenticator.m */,
				27A721CC15796AB100907DBC /* BBIDetailViewController.h */,
				27A721CD15796AB100907DBC /* BBIDetailViewController.m */,
				27A721C915796AB100907DBC /* BBIMasterViewController.h */,
				27A721CA15796AB100907DBC /* BBIMasterViewController.m */,
				27A721C615796AB100907DBC /* MainStoryboard.storyboard */,
				27A721BB15796AB100907DBC /* Supporting Files */,
			);
			path = BissoServerTest;
			sourceTree = "<group>";
		};
		27A721BB15796AB100907DBC /* Supporting Files */ = {
			isa = PBXGroup;
			children = (
				27A721BC15796AB100907DBC /* BissoServerTest-Info.plist */,
				27A721BD15796AB100907DBC /* InfoPlist.strings */,
				27A721C015796AB100907DBC /* main.m */,
				27A721C215796AB100907DBC /* BissoServerTest-Prefix.pch */,
			);
			name = "Supporting Files";
			sourceTree = "<group>";
		};
		27B0C4CE157FB5BE0044AE9C /* Data Manager */ = {
			isa = PBXGroup;
			children = (
				27A44C10158259490045B3BF /* Data Model */,
				27AC92D5157FF03600F29E61 /* BBIDataManager.h */,
				27AC92D6157FF03600F29E61 /* BBIDataManager.m */,
				27B0C4CF157FB5FD0044AE9C /* BBIDataManagerProtocol.h */,
				27A44C2C158263C70045B3BF /* BBIBWQueryResultParserDelegate.h */,
				27A44C2D158263C70045B3BF /* BBIBWQueryResultParserDelegate.m */,
				27A44C321582A2EB0045B3BF /* BBIBWQueryResultFilterParserDelegate.h */,
				27A44C331582A2EB0045B3BF /* BBIBWQueryResultFilterParserDelegate.m */,
				27B0C4D4157FEB100044AE9C /* BBIBWRunQueryDelegate.h */,
				27B0C4D0157FBCD00044AE9C /* BBIDataServiceDelegate.h */,
			);
			name = "Data Manager";
			path = BissoServerTest;
			sourceTree = "<group>";
		};
/* End PBXGroup section */

/* Begin PBXNativeTarget section */
		27A721AF15796AB100907DBC /* BissoServerTest */ = {
			isa = PBXNativeTarget;
			buildConfigurationList = 27A721D115796AB100907DBC /* Build configuration list for PBXNativeTarget "BissoServerTest" */;
			buildPhases = (
				27A721AC15796AB100907DBC /* Sources */,
				27A721AD15796AB100907DBC /* Frameworks */,
				27A721AE15796AB100907DBC /* Resources */,
			);
			buildRules = (
			);
			dependencies = (
			);
			name = BissoServerTest;
			productName = BissoServerTest;
			productReference = 27A721B015796AB100907DBC /* BissoServerTest.app */;
			productType = "com.apple.product-type.application";
		};
/* End PBXNativeTarget section */

/* Begin PBXProject section */
		27A721A715796AB000907DBC /* Project object */ = {
			isa = PBXProject;
			attributes = {
				CLASSPREFIX = BBI;
				LastUpgradeCheck = 0430;
			};
			buildConfigurationList = 27A721AA15796AB000907DBC /* Build configuration list for PBXProject "BissoServerTest" */;
			compatibilityVersion = "Xcode 3.2";
			developmentRegion = English;
			hasScannedForEncodings = 0;
			knownRegions = (
				en,
			);
			mainGroup = 27A721A515796AB000907DBC;
			productRefGroup = 27A721B115796AB100907DBC /* Products */;
			projectDirPath = "";
			projectRoot = "";
			targets = (
				27A721AF15796AB100907DBC /* BissoServerTest */,
			);
		};
/* End PBXProject section */

/* Begin PBXResourcesBuildPhase section */
		27A721AE15796AB100907DBC /* Resources */ = {
			isa = PBXResourcesBuildPhase;
			buildActionMask = 2147483647;
			files = (
				27A721BF15796AB100907DBC /* InfoPlist.strings in Resources */,
				27A721C815796AB100907DBC /* MainStoryboard.storyboard in Resources */,
				27AC04E01580AA42007CBE51 /* Settings.bundle in Resources */,
			);
			runOnlyForDeploymentPostprocessing = 0;
		};
/* End PBXResourcesBuildPhase section */

/* Begin PBXSourcesBuildPhase section */
		27A721AC15796AB100907DBC /* Sources */ = {
			isa = PBXSourcesBuildPhase;
			buildActionMask = 2147483647;
			files = (
				27A721C115796AB100907DBC /* main.m in Sources */,
				27A721C515796AB100907DBC /* BBIAppDelegate.m in Sources */,
				27A721CB15796AB100907DBC /* BBIMasterViewController.m in Sources */,
				27A721CE15796AB100907DBC /* BBIDetailViewController.m in Sources */,
				27A721DF15796D7400907DBC /* BBIAccountEditorViewController.m in Sources */,
				27A721E015796D7400907DBC /* BBIBissoAuthenticator.m in Sources */,
				27AC92D7157FF03600F29E61 /* BBIDataManager.m in Sources */,
				27AC92DB157FF7AA00F29E61 /* BBIDemoPortlet.m in Sources */,
				27A44C1615825AB00045B3BF /* PortletEngine.xcdatamodeld in Sources */,
				27A44C2E158263C70045B3BF /* BBIBWQueryResultParserDelegate.m in Sources */,
				27A44C341582A2EB0045B3BF /* BBIBWQueryResultFilterParserDelegate.m in Sources */,
				27A44C89158377D50045B3BF /* Value.m in Sources */,
				27A44C8C158377D50045B3BF /* Item.m in Sources */,
				27A44C8F158377D60045B3BF /* Unit.m in Sources */,
				27A44C92158377D60045B3BF /* Filter.m in Sources */,
				27A44C95158377D60045B3BF /* Variable.m in Sources */,
				27A44C98158377D60045B3BF /* Qresult.m in Sources */,
			);
			runOnlyForDeploymentPostprocessing = 0;
		};
/* End PBXSourcesBuildPhase section */

/* Begin PBXVariantGroup section */
		27A721BD15796AB100907DBC /* InfoPlist.strings */ = {
			isa = PBXVariantGroup;
			children = (
				27A721BE15796AB100907DBC /* en */,
			);
			name = InfoPlist.strings;
			sourceTree = "<group>";
		};
		27A721C615796AB100907DBC /* MainStoryboard.storyboard */ = {
			isa = PBXVariantGroup;
			children = (
				27A721C715796AB100907DBC /* en */,
			);
			name = MainStoryboard.storyboard;
			sourceTree = "<group>";
		};
/* End PBXVariantGroup section */

/* Begin XCBuildConfiguration section */
		27A721CF15796AB100907DBC /* Debug */ = {
			isa = XCBuildConfiguration;
			buildSettings = {
				ALWAYS_SEARCH_USER_PATHS = NO;
				ARCHS = "$(ARCHS_STANDARD_32_BIT)";
				CLANG_ENABLE_OBJC_ARC = YES;
				"CODE_SIGN_IDENTITY[sdk=iphoneos*]" = "iPhone Developer";
				COPY_PHASE_STRIP = NO;
				GCC_C_LANGUAGE_STANDARD = gnu99;
				GCC_DYNAMIC_NO_PIC = NO;
				GCC_OPTIMIZATION_LEVEL = 0;
				GCC_PREPROCESSOR_DEFINITIONS = (
					"DEBUG=1",
					"$(inherited)",
				);
				GCC_SYMBOLS_PRIVATE_EXTERN = NO;
				GCC_VERSION = com.apple.compilers.llvm.clang.1_0;
				GCC_WARN_ABOUT_RETURN_TYPE = YES;
				GCC_WARN_UNINITIALIZED_AUTOS = YES;
				GCC_WARN_UNUSED_VARIABLE = YES;
				IPHONEOS_DEPLOYMENT_TARGET = 5.1;
				SDKROOT = iphoneos;
				TARGETED_DEVICE_FAMILY = 2;
			};
			name = Debug;
		};
		27A721D015796AB100907DBC /* Release */ = {
			isa = XCBuildConfiguration;
			buildSettings = {
				ALWAYS_SEARCH_USER_PATHS = NO;
				ARCHS = "$(ARCHS_STANDARD_32_BIT)";
				CLANG_ENABLE_OBJC_ARC = YES;
				"CODE_SIGN_IDENTITY[sdk=iphoneos*]" = "iPhone Developer";
				COPY_PHASE_STRIP = YES;
				GCC_C_LANGUAGE_STANDARD = gnu99;
				GCC_VERSION = com.apple.compilers.llvm.clang.1_0;
				GCC_WARN_ABOUT_RETURN_TYPE = YES;
				GCC_WARN_UNINITIALIZED_AUTOS = YES;
				GCC_WARN_UNUSED_VARIABLE = YES;
				IPHONEOS_DEPLOYMENT_TARGET = 5.1;
				OTHER_CFLAGS = "-DNS_BLOCK_ASSERTIONS=1";
				SDKROOT = iphoneos;
				TARGETED_DEVICE_FAMILY = 2;
				VALIDATE_PRODUCT = YES;
			};
			name = Release;
		};
		27A721D215796AB100907DBC /* Debug */ = {
			isa = XCBuildConfiguration;
			buildSettings = {
				GCC_PRECOMPILE_PREFIX_HEADER = YES;
				GCC_PREFIX_HEADER = "BissoServerTest/BissoServerTest-Prefix.pch";
				INFOPLIST_FILE = "BissoServerTest/BissoServerTest-Info.plist";
				PRODUCT_NAME = "$(TARGET_NAME)";
				WRAPPER_EXTENSION = app;
			};
			name = Debug;
		};
		27A721D315796AB100907DBC /* Release */ = {
			isa = XCBuildConfiguration;
			buildSettings = {
				GCC_PRECOMPILE_PREFIX_HEADER = YES;
				GCC_PREFIX_HEADER = "BissoServerTest/BissoServerTest-Prefix.pch";
				INFOPLIST_FILE = "BissoServerTest/BissoServerTest-Info.plist";
				PRODUCT_NAME = "$(TARGET_NAME)";
				WRAPPER_EXTENSION = app;
			};
			name = Release;
		};
/* End XCBuildConfiguration section */

/* Begin XCConfigurationList section */
		27A721AA15796AB000907DBC /* Build configuration list for PBXProject "BissoServerTest" */ = {
			isa = XCConfigurationList;
			buildConfigurations = (
				27A721CF15796AB100907DBC /* Debug */,
				27A721D015796AB100907DBC /* Release */,
			);
			defaultConfigurationIsVisible = 0;
			defaultConfigurationName = Release;
		};
		27A721D115796AB100907DBC /* Build configuration list for PBXNativeTarget "BissoServerTest" */ = {
			isa = XCConfigurationList;
			buildConfigurations = (
				27A721D215796AB100907DBC /* Debug */,
				27A721D315796AB100907DBC /* Release */,
			);
			defaultConfigurationIsVisible = 0;
			defaultConfigurationName = Release;
		};
/* End XCConfigurationList section */

/* Begin XCVersionGroup section */
		27A44C1415825AB00045B3BF /* PortletEngine.xcdatamodeld */ = {
			isa = XCVersionGroup;
			children = (
				27A44C5015836C640045B3BF /* PortletEngine.xcdatamodel */,
				27A44C1515825AB00045B3BF /* PortletEngine old.xcdatamodel */,
			);
			currentVersion = 27A44C1515825AB00045B3BF /* PortletEngine old.xcdatamodel */;
			name = PortletEngine.xcdatamodeld;
			path = "DataManager/Data Model/PortletEngine.xcdatamodeld";
			sourceTree = "<group>";
			versionGroupType = wrapper.xcdatamodel;
		};
/* End XCVersionGroup section */
	};
	rootObject = 27A721A715796AB000907DBC /* Project object */;
}
